
Microsoft Visual Studio Solution File, Format Version 12.00
# Visual Studio 15
VisualStudioVersion = 15.0.26228.9
MinimumVisualStudioVersion = 10.0.40219.1
Project("{FAE04EC0-301F-11D3-BF4B-00C04F79EFBC}") = "GundamFight", "GundamFight\GundamFight.csproj", "{FD10E682-9E67-48FB-B276-0E4D83074C37}"
EndProject
Global
	GlobalSection(SolutionConfigurationPlatforms) = preSolution
		Debug|Any CPU = Debug|Any CPU
		Release|Any CPU = Release|Any CPU
	EndGlobalSection
	GlobalSection(ProjectConfigurationPlatforms) = postSolution
		{FD10E682-9E67-48FB-B276-0E4D83074C37}.Debug|Any CPU.ActiveCfg = Debug|Any CPU
		{FD10E682-9E67-48FB-B276-0E4D83074C37}.Debug|Any CPU.Build.0 = Debug|Any CPU
		{FD10E682-9E67-48FB-B276-0E4D83074C37}.Release|Any CPU.ActiveCfg = Release|Any CPU
		{FD10E682-9E67-48FB-B276-0E4D83074C37}.Release|Any CPU.Build.0 = Release|Any CPU
	EndGlobalSection
	GlobalSection(SolutionProperties) = preSolution
		HideSolutionNode = FALSE
	EndGlobalSection
EndGlobal
